
Microsoft Visual Studio Solution File, Format Version 12.00
# Visual Studio Version 17
VisualStudioVersion = 17.13.35825.156 d17.13
MinimumVisualStudioVersion = 10.0.40219.1
Project("{FAE04EC0-301F-11D3-BF4B-00C04F79EFBC}") = "Consoleappdotnet1", "Consoleappdotnet1\Consoleappdotnet1.csproj", "{D193B79C-07AD-4EDE-95AC-4C6FA6795899}"
EndProject
Global
	GlobalSection(SolutionConfigurationPlatforms) = preSolution
		Debug|Any CPU = Debug|Any CPU
		Release|Any CPU = Release|Any CPU
	EndGlobalSection
	GlobalSection(ProjectConfigurationPlatforms) = postSolution
		{D193B79C-07AD-4EDE-95AC-4C6FA6795899}.Debug|Any CPU.ActiveCfg = Debug|Any CPU
		{D193B79C-07AD-4EDE-95AC-4C6FA6795899}.Debug|Any CPU.Build.0 = Debug|Any CPU
		{D193B79C-07AD-4EDE-95AC-4C6FA6795899}.Release|Any CPU.ActiveCfg = Release|Any CPU
		{D193B79C-07AD-4EDE-95AC-4C6FA6795899}.Release|Any CPU.Build.0 = Release|Any CPU
	EndGlobalSection
	GlobalSection(SolutionProperties) = preSolution
		HideSolutionNode = FALSE
	EndGlobalSection
	GlobalSection(ExtensibilityGlobals) = postSolution
		SolutionGuid = {25B6CA41-A862-4E0A-887F-8ED404A857B2}
	EndGlobalSection
EndGlobal
